
Microsoft Visual Studio Solution File, Format Version 12.00
# Visual Studio Version 16
VisualStudioVersion = 16.0.30517.126
MinimumVisualStudioVersion = 10.0.40219.1
Project("{FAE04EC0-301F-11D3-BF4B-00C04F79EFBC}") = "WindowsFormsApp_bookLibrary", "WindowsFormsApp_bookLibrary\WindowsFormsApp_bookLibrary.csproj", "{6B1F981F-9BCC-41D2-8144-910FC1150898}"
EndProject
Global
	GlobalSection(SolutionConfigurationPlatforms) = preSolution
		Debug|Any CPU = Debug|Any CPU
		Release|Any CPU = Release|Any CPU
	EndGlobalSection
	GlobalSection(ProjectConfigurationPlatforms) = postSolution
		{6B1F981F-9BCC-41D2-8144-910FC1150898}.Debug|Any CPU.ActiveCfg = Debug|Any CPU
		{6B1F981F-9BCC-41D2-8144-910FC1150898}.Debug|Any CPU.Build.0 = Debug|Any CPU
		{6B1F981F-9BCC-41D2-8144-910FC1150898}.Release|Any CPU.ActiveCfg = Release|Any CPU
		{6B1F981F-9BCC-41D2-8144-910FC1150898}.Release|Any CPU.Build.0 = Release|Any CPU
	EndGlobalSection
	GlobalSection(SolutionProperties) = preSolution
		HideSolutionNode = FALSE
	EndGlobalSection
	GlobalSection(ExtensibilityGlobals) = postSolution
		SolutionGuid = {B4F65625-652B-4A65-B0EF-AE1A30C9A835}
	EndGlobalSection
EndGlobal
